
Microsoft Visual Studio Solution File, Format Version 12.00
# Visual Studio Version 17
VisualStudioVersion = 17.9.34701.34
MinimumVisualStudioVersion = 10.0.40219.1
Project("{FAE04EC0-301F-11D3-BF4B-00C04F79EFBC}") = "E-Learning", "E-Learning.csproj", "{A3F3DA26-F438-4FC5-A874-CDDBB946B974}"
EndProject
Global
	GlobalSection(SolutionConfigurationPlatforms) = preSolution
		Debug|Any CPU = Debug|Any CPU
		Release|Any CPU = Release|Any CPU
	EndGlobalSection
	GlobalSection(ProjectConfigurationPlatforms) = postSolution
		{A3F3DA26-F438-4FC5-A874-CDDBB946B974}.Debug|Any CPU.ActiveCfg = Debug|Any CPU
		{A3F3DA26-F438-4FC5-A874-CDDBB946B974}.Debug|Any CPU.Build.0 = Debug|Any CPU
		{A3F3DA26-F438-4FC5-A874-CDDBB946B974}.Release|Any CPU.ActiveCfg = Release|Any CPU
		{A3F3DA26-F438-4FC5-A874-CDDBB946B974}.Release|Any CPU.Build.0 = Release|Any CPU
	EndGlobalSection
	GlobalSection(SolutionProperties) = preSolution
		HideSolutionNode = FALSE
	EndGlobalSection
	GlobalSection(ExtensibilityGlobals) = postSolution
		SolutionGuid = {F7D0B16E-C45F-42CB-853B-BFAFBC951CA2}
	EndGlobalSection
EndGlobal
